
Microsoft Visual Studio Solution File, Format Version 12.00
# Visual Studio Version 17
VisualStudioVersion = 17.11.35327.3
MinimumVisualStudioVersion = 10.0.40219.1
Project("{FAE04EC0-301F-11D3-BF4B-00C04F79EFBC}") = "PropertyHubAPI", "PropertyHubAPI\PropertyHubAPI.csproj", "{BBAA768D-4796-4A23-B0DC-E53F4456C55A}"
EndProject
Global
	GlobalSection(SolutionConfigurationPlatforms) = preSolution
		Debug|Any CPU = Debug|Any CPU
		Release|Any CPU = Release|Any CPU
	EndGlobalSection
	GlobalSection(ProjectConfigurationPlatforms) = postSolution
		{BBAA768D-4796-4A23-B0DC-E53F4456C55A}.Debug|Any CPU.ActiveCfg = Debug|Any CPU
		{BBAA768D-4796-4A23-B0DC-E53F4456C55A}.Debug|Any CPU.Build.0 = Debug|Any CPU
		{BBAA768D-4796-4A23-B0DC-E53F4456C55A}.Release|Any CPU.ActiveCfg = Release|Any CPU
		{BBAA768D-4796-4A23-B0DC-E53F4456C55A}.Release|Any CPU.Build.0 = Release|Any CPU
	EndGlobalSection
	GlobalSection(SolutionProperties) = preSolution
		HideSolutionNode = FALSE
	EndGlobalSection
	GlobalSection(ExtensibilityGlobals) = postSolution
		SolutionGuid = {2D08191B-C0AF-4DC2-BF8D-3119EAA35AC7}
	EndGlobalSection
EndGlobal
